
Microsoft Visual Studio Solution File, Format Version 12.00
# Visual Studio 15
VisualStudioVersion = 15.0.28307.329
MinimumVisualStudioVersion = 10.0.40219.1
Project("{00D1A9C2-B5F0-4AF3-8072-F6C62B433612}") = "DataDiscoveryAndClassification", "DataDiscoveryAndClassification\DataDiscoveryAndClassification.sqlproj", "{11F396CC-F35C-4BE4-8286-57B7963639B2}"
EndProject
Global
	GlobalSection(SolutionConfigurationPlatforms) = preSolution
		Debug|Any CPU = Debug|Any CPU
		Release|Any CPU = Release|Any CPU
	EndGlobalSection
	GlobalSection(ProjectConfigurationPlatforms) = postSolution
		{11F396CC-F35C-4BE4-8286-57B7963639B2}.Debug|Any CPU.ActiveCfg = Debug|Any CPU
		{11F396CC-F35C-4BE4-8286-57B7963639B2}.Debug|Any CPU.Build.0 = Debug|Any CPU
		{11F396CC-F35C-4BE4-8286-57B7963639B2}.Debug|Any CPU.Deploy.0 = Debug|Any CPU
		{11F396CC-F35C-4BE4-8286-57B7963639B2}.Release|Any CPU.ActiveCfg = Release|Any CPU
		{11F396CC-F35C-4BE4-8286-57B7963639B2}.Release|Any CPU.Build.0 = Release|Any CPU
		{11F396CC-F35C-4BE4-8286-57B7963639B2}.Release|Any CPU.Deploy.0 = Release|Any CPU
	EndGlobalSection
	GlobalSection(SolutionProperties) = preSolution
		HideSolutionNode = FALSE
	EndGlobalSection
	GlobalSection(ExtensibilityGlobals) = postSolution
		SolutionGuid = {30487369-8B19-46BD-89C3-AC7B2D066F75}
	EndGlobalSection
EndGlobal
